
Microsoft Visual Studio Solution File, Format Version 12.00
# Visual Studio Version 16
VisualStudioVersion = 16.0.28803.352
MinimumVisualStudioVersion = 10.0.40219.1
Project("{8BC9CEB8-8B4A-11D0-8D11-00A0C91BC942}") = "InstallNetFramework", "InstallNetFramework\InstallNetFramework.vcxproj", "{09CF4D5A-EF7A-44D3-A9EC-FD43B9DD3924}"
EndProject
Project("{FAE04EC0-301F-11D3-BF4B-00C04F79EFBC}") = "MonsterAudioSetup", "KamilSetup\MonsterAudioSetup.csproj", "{19E859E4-50B1-4CA5-8885-67693552786B}"
EndProject
Project("{FAE04EC0-301F-11D3-BF4B-00C04F79EFBC}") = "AsioDriverSetup", "AsioDriverSetup\AsioDriverSetup.csproj", "{33DDE70A-0EF5-4B90-BB39-B3CC697D4277}"
EndProject
Global
	GlobalSection(SolutionConfigurationPlatforms) = preSolution
		Debug|Any CPU = Debug|Any CPU
		Debug|x64 = Debug|x64
		Debug|x86 = Debug|x86
		Release|Any CPU = Release|Any CPU
		Release|x64 = Release|x64
		Release|x86 = Release|x86
	EndGlobalSection
	GlobalSection(ProjectConfigurationPlatforms) = postSolution
		{09CF4D5A-EF7A-44D3-A9EC-FD43B9DD3924}.Debug|Any CPU.ActiveCfg = Debug|Win32
		{09CF4D5A-EF7A-44D3-A9EC-FD43B9DD3924}.Debug|x64.ActiveCfg = Debug|x64
		{09CF4D5A-EF7A-44D3-A9EC-FD43B9DD3924}.Debug|x64.Build.0 = Debug|x64
		{09CF4D5A-EF7A-44D3-A9EC-FD43B9DD3924}.Debug|x86.ActiveCfg = Debug|Win32
		{09CF4D5A-EF7A-44D3-A9EC-FD43B9DD3924}.Debug|x86.Build.0 = Debug|Win32
		{09CF4D5A-EF7A-44D3-A9EC-FD43B9DD3924}.Release|Any CPU.ActiveCfg = Release|Win32
		{09CF4D5A-EF7A-44D3-A9EC-FD43B9DD3924}.Release|x64.ActiveCfg = Release|x64
		{09CF4D5A-EF7A-44D3-A9EC-FD43B9DD3924}.Release|x64.Build.0 = Release|x64
		{09CF4D5A-EF7A-44D3-A9EC-FD43B9DD3924}.Release|x86.ActiveCfg = Release|Win32
		{09CF4D5A-EF7A-44D3-A9EC-FD43B9DD3924}.Release|x86.Build.0 = Release|Win32
		{19E859E4-50B1-4CA5-8885-67693552786B}.Debug|Any CPU.ActiveCfg = Debug|Any CPU
		{19E859E4-50B1-4CA5-8885-67693552786B}.Debug|Any CPU.Build.0 = Debug|Any CPU
		{19E859E4-50B1-4CA5-8885-67693552786B}.Debug|x64.ActiveCfg = Debug|Any CPU
		{19E859E4-50B1-4CA5-8885-67693552786B}.Debug|x64.Build.0 = Debug|Any CPU
		{19E859E4-50B1-4CA5-8885-67693552786B}.Debug|x86.ActiveCfg = Debug|Any CPU
		{19E859E4-50B1-4CA5-8885-67693552786B}.Debug|x86.Build.0 = Debug|Any CPU
		{19E859E4-50B1-4CA5-8885-67693552786B}.Release|Any CPU.ActiveCfg = Release|Any CPU
		{19E859E4-50B1-4CA5-8885-67693552786B}.Release|Any CPU.Build.0 = Release|Any CPU
		{19E859E4-50B1-4CA5-8885-67693552786B}.Release|x64.ActiveCfg = Release|x64
		{19E859E4-50B1-4CA5-8885-67693552786B}.Release|x64.Build.0 = Release|x64
		{19E859E4-50B1-4CA5-8885-67693552786B}.Release|x86.ActiveCfg = Release|x86
		{19E859E4-50B1-4CA5-8885-67693552786B}.Release|x86.Build.0 = Release|x86
		{33DDE70A-0EF5-4B90-BB39-B3CC697D4277}.Debug|Any CPU.ActiveCfg = Debug|Any CPU
		{33DDE70A-0EF5-4B90-BB39-B3CC697D4277}.Debug|Any CPU.Build.0 = Debug|Any CPU
		{33DDE70A-0EF5-4B90-BB39-B3CC697D4277}.Debug|x64.ActiveCfg = Debug|Any CPU
		{33DDE70A-0EF5-4B90-BB39-B3CC697D4277}.Debug|x64.Build.0 = Debug|Any CPU
		{33DDE70A-0EF5-4B90-BB39-B3CC697D4277}.Debug|x86.ActiveCfg = Debug|Any CPU
		{33DDE70A-0EF5-4B90-BB39-B3CC697D4277}.Debug|x86.Build.0 = Debug|Any CPU
		{33DDE70A-0EF5-4B90-BB39-B3CC697D4277}.Release|Any CPU.ActiveCfg = Release|Any CPU
		{33DDE70A-0EF5-4B90-BB39-B3CC697D4277}.Release|Any CPU.Build.0 = Release|Any CPU
		{33DDE70A-0EF5-4B90-BB39-B3CC697D4277}.Release|x64.ActiveCfg = Release|Any CPU
		{33DDE70A-0EF5-4B90-BB39-B3CC697D4277}.Release|x64.Build.0 = Release|Any CPU
		{33DDE70A-0EF5-4B90-BB39-B3CC697D4277}.Release|x86.ActiveCfg = Release|Any CPU
		{33DDE70A-0EF5-4B90-BB39-B3CC697D4277}.Release|x86.Build.0 = Release|Any CPU
	EndGlobalSection
	GlobalSection(SolutionProperties) = preSolution
		HideSolutionNode = FALSE
	EndGlobalSection
	GlobalSection(ExtensibilityGlobals) = postSolution
		SolutionGuid = {B2B9071D-C62E-4623-9E10-09B18A82D519}
	EndGlobalSection
EndGlobal
